
Microsoft Visual Studio Solution File, Format Version 12.00
# Visual Studio Version 17
VisualStudioVersion = 17.0.31903.59
MinimumVisualStudioVersion = 10.0.40219.1
Project("{2150E333-8FDC-42A3-9474-1A3956D46DE8}") = "src", "src", "{2CAF407E-9B0A-4C1C-A107-4B450D2D3045}"
EndProject
Project("{FAE04EC0-301F-11D3-BF4B-00C04F79EFBC}") = "KedWear.Core", "src\KedWear.Core\KedWear.Core.csproj", "{CAB86968-1E09-4814-862F-F981C02B1463}"
EndProject
Project("{FAE04EC0-301F-11D3-BF4B-00C04F79EFBC}") = "KedWear.Infrastructure", "src\KedWear.Infrastructure\KedWear.Infrastructure.csproj", "{FFC75079-BD50-4EC5-B9D2-91BDCE16FA09}"
EndProject
Project("{FAE04EC0-301F-11D3-BF4B-00C04F79EFBC}") = "KedWear.Application", "src\KedWear.Application\KedWear.Application.csproj", "{802B21B5-6B6C-4932-AB76-9F96D6D7CFA1}"
EndProject
Project("{FAE04EC0-301F-11D3-BF4B-00C04F79EFBC}") = "KedWear.Web", "src\KedWear.Web\KedWear.Web.csproj", "{B5E17428-E6D4-4A4B-911B-70BF3E354DFB}"
EndProject
Global
	GlobalSection(SolutionConfigurationPlatforms) = preSolution
		Debug|Any CPU = Debug|Any CPU
		Release|Any CPU = Release|Any CPU
	EndGlobalSection
	GlobalSection(SolutionProperties) = preSolution
		HideSolutionNode = FALSE
	EndGlobalSection
	GlobalSection(ProjectConfigurationPlatforms) = postSolution
		{CAB86968-1E09-4814-862F-F981C02B1463}.Debug|Any CPU.ActiveCfg = Debug|Any CPU
		{CAB86968-1E09-4814-862F-F981C02B1463}.Debug|Any CPU.Build.0 = Debug|Any CPU
		{CAB86968-1E09-4814-862F-F981C02B1463}.Release|Any CPU.ActiveCfg = Release|Any CPU
		{CAB86968-1E09-4814-862F-F981C02B1463}.Release|Any CPU.Build.0 = Release|Any CPU
		{FFC75079-BD50-4EC5-B9D2-91BDCE16FA09}.Debug|Any CPU.ActiveCfg = Debug|Any CPU
		{FFC75079-BD50-4EC5-B9D2-91BDCE16FA09}.Debug|Any CPU.Build.0 = Debug|Any CPU
		{FFC75079-BD50-4EC5-B9D2-91BDCE16FA09}.Release|Any CPU.ActiveCfg = Release|Any CPU
		{FFC75079-BD50-4EC5-B9D2-91BDCE16FA09}.Release|Any CPU.Build.0 = Release|Any CPU
		{802B21B5-6B6C-4932-AB76-9F96D6D7CFA1}.Debug|Any CPU.ActiveCfg = Debug|Any CPU
		{802B21B5-6B6C-4932-AB76-9F96D6D7CFA1}.Debug|Any CPU.Build.0 = Debug|Any CPU
		{802B21B5-6B6C-4932-AB76-9F96D6D7CFA1}.Release|Any CPU.ActiveCfg = Release|Any CPU
		{802B21B5-6B6C-4932-AB76-9F96D6D7CFA1}.Release|Any CPU.Build.0 = Release|Any CPU
		{B5E17428-E6D4-4A4B-911B-70BF3E354DFB}.Debug|Any CPU.ActiveCfg = Debug|Any CPU
		{B5E17428-E6D4-4A4B-911B-70BF3E354DFB}.Debug|Any CPU.Build.0 = Debug|Any CPU
		{B5E17428-E6D4-4A4B-911B-70BF3E354DFB}.Release|Any CPU.ActiveCfg = Release|Any CPU
		{B5E17428-E6D4-4A4B-911B-70BF3E354DFB}.Release|Any CPU.Build.0 = Release|Any CPU
	EndGlobalSection
	GlobalSection(NestedProjects) = preSolution
		{CAB86968-1E09-4814-862F-F981C02B1463} = {2CAF407E-9B0A-4C1C-A107-4B450D2D3045}
		{FFC75079-BD50-4EC5-B9D2-91BDCE16FA09} = {2CAF407E-9B0A-4C1C-A107-4B450D2D3045}
		{802B21B5-6B6C-4932-AB76-9F96D6D7CFA1} = {2CAF407E-9B0A-4C1C-A107-4B450D2D3045}
		{B5E17428-E6D4-4A4B-911B-70BF3E354DFB} = {2CAF407E-9B0A-4C1C-A107-4B450D2D3045}
	EndGlobalSection
EndGlobal
